
Microsoft Visual Studio Solution File, Format Version 12.00
# Visual Studio 14
VisualStudioVersion = 14.0.25420.1
MinimumVisualStudioVersion = 10.0.40219.1
Project("{FAE04EC0-301F-11D3-BF4B-00C04F79EFBC}") = "FileUploadsInAspNetMvc", "FileUploadsInAspNetMvc\FileUploadsInAspNetMvc.csproj", "{DB2E3228-167C-47AC-B9D9-1FCD66C1A165}"
EndProject
Project("{FAE04EC0-301F-11D3-BF4B-00C04F79EFBC}") = "FileUploadsInAspNetMvc.Tests", "FileUploadsInAspNetMvc.Tests\FileUploadsInAspNetMvc.Tests.csproj", "{2EB393E7-D977-4C8F-A527-B5E9D3E6BE14}"
EndProject
Global
	GlobalSection(SolutionConfigurationPlatforms) = preSolution
		Debug|Any CPU = Debug|Any CPU
		Release|Any CPU = Release|Any CPU
	EndGlobalSection
	GlobalSection(ProjectConfigurationPlatforms) = postSolution
		{DB2E3228-167C-47AC-B9D9-1FCD66C1A165}.Debug|Any CPU.ActiveCfg = Debug|Any CPU
		{DB2E3228-167C-47AC-B9D9-1FCD66C1A165}.Debug|Any CPU.Build.0 = Debug|Any CPU
		{DB2E3228-167C-47AC-B9D9-1FCD66C1A165}.Release|Any CPU.ActiveCfg = Release|Any CPU
		{DB2E3228-167C-47AC-B9D9-1FCD66C1A165}.Release|Any CPU.Build.0 = Release|Any CPU
		{2EB393E7-D977-4C8F-A527-B5E9D3E6BE14}.Debug|Any CPU.ActiveCfg = Debug|Any CPU
		{2EB393E7-D977-4C8F-A527-B5E9D3E6BE14}.Debug|Any CPU.Build.0 = Debug|Any CPU
		{2EB393E7-D977-4C8F-A527-B5E9D3E6BE14}.Release|Any CPU.ActiveCfg = Release|Any CPU
		{2EB393E7-D977-4C8F-A527-B5E9D3E6BE14}.Release|Any CPU.Build.0 = Release|Any CPU
	EndGlobalSection
	GlobalSection(SolutionProperties) = preSolution
		HideSolutionNode = FALSE
	EndGlobalSection
EndGlobal
